// !$*UTF8*$!
{
	archiveVersion = 1;
	classes = {
	};
	objectVersion = 50;
	objects = {

/* Begin PBXBuildFile section */
		070EE1C0B3AD45BADD43F96B /* Pods_ChatApp.framework in Frameworks */ = {isa = PBXBuildFile; fileRef = 8D5D7DC76B38C8B085D47BAE /* Pods_ChatApp.framework */; };
		384C943D20782E4F00D65786 /* AppDelegate.swift in Sources */ = {isa = PBXBuildFile; fileRef = 384C943C20782E4F00D65786 /* AppDelegate.swift */; };
		384C943F20782E5000D65786 /* MessagesController.swift in Sources */ = {isa = PBXBuildFile; fileRef = 384C943E20782E5000D65786 /* MessagesController.swift */; };
		384C944220782E5000D65786 /* Main.storyboard in Resources */ = {isa = PBXBuildFile; fileRef = 384C944020782E5000D65786 /* Main.storyboard */; };
		384C944420782E5000D65786 /* Assets.xcassets in Resources */ = {isa = PBXBuildFile; fileRef = 384C944320782E5000D65786 /* Assets.xcassets */; };
		384C944720782E5000D65786 /* LaunchScreen.storyboard in Resources */ = {isa = PBXBuildFile; fileRef = 384C944520782E5000D65786 /* LaunchScreen.storyboard */; };
		384C94502078308600D65786 /* LoginController.swift in Sources */ = {isa = PBXBuildFile; fileRef = 384C944F2078308600D65786 /* LoginController.swift */; };
		387F328C207962BE00F60180 /* NewMessageController.swift in Sources */ = {isa = PBXBuildFile; fileRef = 387F328B207962BE00F60180 /* NewMessageController.swift */; };
		387F328F2079670D00F60180 /* User.swift in Sources */ = {isa = PBXBuildFile; fileRef = 387F328E2079670D00F60180 /* User.swift */; };
		387F329120796CD100F60180 /* GoogleService-Info.plist in Resources */ = {isa = PBXBuildFile; fileRef = 387F329020796CD100F60180 /* GoogleService-Info.plist */; };
		387F329320797F8300F60180 /* LoginController+handlers.swift in Sources */ = {isa = PBXBuildFile; fileRef = 387F329220797F8300F60180 /* LoginController+handlers.swift */; };
/* End PBXBuildFile section */

/* Begin PBXFileReference section */
		384C943920782E4F00D65786 /* ChatApp.app */ = {isa = PBXFileReference; explicitFileType = wrapper.application; includeInIndex = 0; path = ChatApp.app; sourceTree = BUILT_PRODUCTS_DIR; };
		384C943C20782E4F00D65786 /* AppDelegate.swift */ = {isa = PBXFileReference; lastKnownFileType = sourcecode.swift; path = AppDelegate.swift; sourceTree = "<group>"; };
		384C943E20782E5000D65786 /* MessagesController.swift */ = {isa = PBXFileReference; lastKnownFileType = sourcecode.swift; path = MessagesController.swift; sourceTree = "<group>"; };
		384C944120782E5000D65786 /* Base */ = {isa = PBXFileReference; lastKnownFileType = file.storyboard; name = Base; path = Base.lproj/Main.storyboard; sourceTree = "<group>"; };
		384C944320782E5000D65786 /* Assets.xcassets */ = {isa = PBXFileReference; lastKnownFileType = folder.assetcatalog; path = Assets.xcassets; sourceTree = "<group>"; };
		384C944620782E5000D65786 /* Base */ = {isa = PBXFileReference; lastKnownFileType = file.storyboard; name = Base; path = Base.lproj/LaunchScreen.storyboard; sourceTree = "<group>"; };
		384C944820782E5100D65786 /* Info.plist */ = {isa = PBXFileReference; lastKnownFileType = text.plist.xml; path = Info.plist; sourceTree = "<group>"; };
		384C944F2078308600D65786 /* LoginController.swift */ = {isa = PBXFileReference; lastKnownFileType = sourcecode.swift; path = LoginController.swift; sourceTree = "<group>"; };
		387F328B207962BE00F60180 /* NewMessageController.swift */ = {isa = PBXFileReference; lastKnownFileType = sourcecode.swift; path = NewMessageController.swift; sourceTree = "<group>"; };
		387F328E2079670D00F60180 /* User.swift */ = {isa = PBXFileReference; lastKnownFileType = sourcecode.swift; path = User.swift; sourceTree = "<group>"; };
		387F329020796CD100F60180 /* GoogleService-Info.plist */ = {isa = PBXFileReference; fileEncoding = 4; lastKnownFileType = text.plist.xml; path = "GoogleService-Info.plist"; sourceTree = "<group>"; };
		387F329220797F8300F60180 /* LoginController+handlers.swift */ = {isa = PBXFileReference; lastKnownFileType = sourcecode.swift; path = "LoginController+handlers.swift"; sourceTree = "<group>"; };
		4A2708BA1F4E9F4B23A40867 /* Pods-ChatApp.release.xcconfig */ = {isa = PBXFileReference; includeInIndex = 1; lastKnownFileType = text.xcconfig; name = "Pods-ChatApp.release.xcconfig"; path = "Pods/Target Support Files/Pods-ChatApp/Pods-ChatApp.release.xcconfig"; sourceTree = "<group>"; };
		8D5D7DC76B38C8B085D47BAE /* Pods_ChatApp.framework */ = {isa = PBXFileReference; explicitFileType = wrapper.framework; includeInIndex = 0; path = Pods_ChatApp.framework; sourceTree = BUILT_PRODUCTS_DIR; };
		FA714E4885CD2B039801647E /* Pods-ChatApp.debug.xcconfig */ = {isa = PBXFileReference; includeInIndex = 1; lastKnownFileType = text.xcconfig; name = "Pods-ChatApp.debug.xcconfig"; path = "Pods/Target Support Files/Pods-ChatApp/Pods-ChatApp.debug.xcconfig"; sourceTree = "<group>"; };
/* End PBXFileReference section */

/* Begin PBXFrameworksBuildPhase section */
		384C943620782E4F00D65786 /* Frameworks */ = {
			isa = PBXFrameworksBuildPhase;
			buildActionMask = 2147483647;
			files = (
				070EE1C0B3AD45BADD43F96B /* Pods_ChatApp.framework in Frameworks */,
			);
			runOnlyForDeploymentPostprocessing = 0;
		};
/* End PBXFrameworksBuildPhase section */

/* Begin PBXGroup section */
		122ECB9D5A5CA16D18B36AE9 /* Pods */ = {
			isa = PBXGroup;
			children = (
				FA714E4885CD2B039801647E /* Pods-ChatApp.debug.xcconfig */,
				4A2708BA1F4E9F4B23A40867 /* Pods-ChatApp.release.xcconfig */,
			);
			name = Pods;
			sourceTree = "<group>";
		};
		384C943020782E4F00D65786 = {
			isa = PBXGroup;
			children = (
				384C943B20782E4F00D65786 /* ChatApp */,
				384C943A20782E4F00D65786 /* Products */,
				122ECB9D5A5CA16D18B36AE9 /* Pods */,
				658D2DDA57628C343678383C /* Frameworks */,
			);
			sourceTree = "<group>";
		};
		384C943A20782E4F00D65786 /* Products */ = {
			isa = PBXGroup;
			children = (
				384C943920782E4F00D65786 /* ChatApp.app */,
			);
			name = Products;
			sourceTree = "<group>";
		};
		384C943B20782E4F00D65786 /* ChatApp */ = {
			isa = PBXGroup;
			children = (
				387F328D207966FB00F60180 /* Model */,
				384C944E2078307200D65786 /* Controller */,
				384C943C20782E4F00D65786 /* AppDelegate.swift */,
				384C944020782E5000D65786 /* Main.storyboard */,
				384C944320782E5000D65786 /* Assets.xcassets */,
				384C944520782E5000D65786 /* LaunchScreen.storyboard */,
				387F329020796CD100F60180 /* GoogleService-Info.plist */,
				384C944820782E5100D65786 /* Info.plist */,
			);
			path = ChatApp;
			sourceTree = "<group>";
		};
		384C944E2078307200D65786 /* Controller */ = {
			isa = PBXGroup;
			children = (
				384C944F2078308600D65786 /* LoginController.swift */,
				384C943E20782E5000D65786 /* MessagesController.swift */,
				387F328B207962BE00F60180 /* NewMessageController.swift */,
				387F329220797F8300F60180 /* LoginController+handlers.swift */,
			);
			path = Controller;
			sourceTree = "<group>";
		};
		387F328D207966FB00F60180 /* Model */ = {
			isa = PBXGroup;
			children = (
				387F328E2079670D00F60180 /* User.swift */,
			);
			path = Model;
			sourceTree = "<group>";
		};
		658D2DDA57628C343678383C /* Frameworks */ = {
			isa = PBXGroup;
			children = (
				8D5D7DC76B38C8B085D47BAE /* Pods_ChatApp.framework */,
			);
			name = Frameworks;
			sourceTree = "<group>";
		};
/* End PBXGroup section */

/* Begin PBXNativeTarget section */
		384C943820782E4F00D65786 /* ChatApp */ = {
			isa = PBXNativeTarget;
			buildConfigurationList = 384C944B20782E5100D65786 /* Build configuration list for PBXNativeTarget "ChatApp" */;
			buildPhases = (
				7E1B3C81004D5EABE53E7741 /* [CP] Check Pods Manifest.lock */,
				384C943520782E4F00D65786 /* Sources */,
				384C943620782E4F00D65786 /* Frameworks */,
				384C943720782E4F00D65786 /* Resources */,
				6DA8D4304CEBE2FACEA334E9 /* [CP] Embed Pods Frameworks */,
				1AE1EA5CAF45D2540D94E69B /* [CP] Copy Pods Resources */,
			);
			buildRules = (
			);
			dependencies = (
			);
			name = ChatApp;
			productName = ChatApp;
			productReference = 384C943920782E4F00D65786 /* ChatApp.app */;
			productType = "com.apple.product-type.application";
		};
/* End PBXNativeTarget section */

/* Begin PBXProject section */
		384C943120782E4F00D65786 /* Project object */ = {
			isa = PBXProject;
			attributes = {
				LastSwiftUpdateCheck = 0930;
				LastUpgradeCheck = 0930;
				ORGANIZATIONNAME = "Vy Le";
				TargetAttributes = {
					384C943820782E4F00D65786 = {
						CreatedOnToolsVersion = 9.3;
					};
				};
			};
			buildConfigurationList = 384C943420782E4F00D65786 /* Build configuration list for PBXProject "ChatApp" */;
			compatibilityVersion = "Xcode 9.3";
			developmentRegion = en;
			hasScannedForEncodings = 0;
			knownRegions = (
				en,
				Base,
			);
			mainGroup = 384C943020782E4F00D65786;
			productRefGroup = 384C943A20782E4F00D65786 /* Products */;
			projectDirPath = "";
			projectRoot = "";
			targets = (
				384C943820782E4F00D65786 /* ChatApp */,
			);
		};
/* End PBXProject section */

/* Begin PBXResourcesBuildPhase section */
		384C943720782E4F00D65786 /* Resources */ = {
			isa = PBXResourcesBuildPhase;
			buildActionMask = 2147483647;
			files = (
				387F329120796CD100F60180 /* GoogleService-Info.plist in Resources */,
				384C944720782E5000D65786 /* LaunchScreen.storyboard in Resources */,
				384C944420782E5000D65786 /* Assets.xcassets in Resources */,
				384C944220782E5000D65786 /* Main.storyboard in Resources */,
			);
			runOnlyForDeploymentPostprocessing = 0;
		};
/* End PBXResourcesBuildPhase section */

/* Begin PBXShellScriptBuildPhase section */
		1AE1EA5CAF45D2540D94E69B /* [CP] Copy Pods Resources */ = {
			isa = PBXShellScriptBuildPhase;
			buildActionMask = 2147483647;
			files = (
			);
			inputPaths = (
			);
			name = "[CP] Copy Pods Resources";
			outputPaths = (
			);
			runOnlyForDeploymentPostprocessing = 0;
			shellPath = /bin/sh;
			shellScript = "\"${SRCROOT}/Pods/Target Support Files/Pods-ChatApp/Pods-ChatApp-resources.sh\"\n";
			showEnvVarsInLog = 0;
		};
		6DA8D4304CEBE2FACEA334E9 /* [CP] Embed Pods Frameworks */ = {
			isa = PBXShellScriptBuildPhase;
			buildActionMask = 2147483647;
			files = (
			);
			inputPaths = (
				"${SRCROOT}/Pods/Target Support Files/Pods-ChatApp/Pods-ChatApp-frameworks.sh",
				"${BUILT_PRODUCTS_DIR}/GTMSessionFetcher/GTMSessionFetcher.framework",
				"${BUILT_PRODUCTS_DIR}/GoogleToolboxForMac/GoogleToolboxForMac.framework",
				"${BUILT_PRODUCTS_DIR}/leveldb-library/leveldb.framework",
				"${BUILT_PRODUCTS_DIR}/nanopb/nanopb.framework",
			);
			name = "[CP] Embed Pods Frameworks";
			outputPaths = (
				"${TARGET_BUILD_DIR}/${FRAMEWORKS_FOLDER_PATH}/GTMSessionFetcher.framework",
				"${TARGET_BUILD_DIR}/${FRAMEWORKS_FOLDER_PATH}/GoogleToolboxForMac.framework",
				"${TARGET_BUILD_DIR}/${FRAMEWORKS_FOLDER_PATH}/leveldb.framework",
				"${TARGET_BUILD_DIR}/${FRAMEWORKS_FOLDER_PATH}/nanopb.framework",
			);
			runOnlyForDeploymentPostprocessing = 0;
			shellPath = /bin/sh;
			shellScript = "\"${SRCROOT}/Pods/Target Support Files/Pods-ChatApp/Pods-ChatApp-frameworks.sh\"\n";
			showEnvVarsInLog = 0;
		};
		7E1B3C81004D5EABE53E7741 /* [CP] Check Pods Manifest.lock */ = {
			isa = PBXShellScriptBuildPhase;
			buildActionMask = 2147483647;
			files = (
			);
			inputPaths = (
				"${PODS_PODFILE_DIR_PATH}/Podfile.lock",
				"${PODS_ROOT}/Manifest.lock",
			);
			name = "[CP] Check Pods Manifest.lock";
			outputPaths = (
				"$(DERIVED_FILE_DIR)/Pods-ChatApp-checkManifestLockResult.txt",
			);
			runOnlyForDeploymentPostprocessing = 0;
			shellPath = /bin/sh;
			shellScript = "diff \"${PODS_PODFILE_DIR_PATH}/Podfile.lock\" \"${PODS_ROOT}/Manifest.lock\" > /dev/null\nif [ $? != 0 ] ; then\n    # print error to STDERR\n    echo \"error: The sandbox is not in sync with the Podfile.lock. Run 'pod install' or update your CocoaPods installation.\" >&2\n    exit 1\nfi\n# This output is used by Xcode 'outputs' to avoid re-running this script phase.\necho \"SUCCESS\" > \"${SCRIPT_OUTPUT_FILE_0}\"\n";
			showEnvVarsInLog = 0;
		};
/* End PBXShellScriptBuildPhase section */

/* Begin PBXSourcesBuildPhase section */
		384C943520782E4F00D65786 /* Sources */ = {
			isa = PBXSourcesBuildPhase;
			buildActionMask = 2147483647;
			files = (
				387F328C207962BE00F60180 /* NewMessageController.swift in Sources */,
				384C943F20782E5000D65786 /* MessagesController.swift in Sources */,
				384C94502078308600D65786 /* LoginController.swift in Sources */,
				387F328F2079670D00F60180 /* User.swift in Sources */,
				384C943D20782E4F00D65786 /* AppDelegate.swift in Sources */,
				387F329320797F8300F60180 /* LoginController+handlers.swift in Sources */,
			);
			runOnlyForDeploymentPostprocessing = 0;
		};
/* End PBXSourcesBuildPhase section */

/* Begin PBXVariantGroup section */
		384C944020782E5000D65786 /* Main.storyboard */ = {
			isa = PBXVariantGroup;
			children = (
				384C944120782E5000D65786 /* Base */,
			);
			name = Main.storyboard;
			sourceTree = "<group>";
		};
		384C944520782E5000D65786 /* LaunchScreen.storyboard */ = {
			isa = PBXVariantGroup;
			children = (
				384C944620782E5000D65786 /* Base */,
			);
			name = LaunchScreen.storyboard;
			sourceTree = "<group>";
		};
/* End PBXVariantGroup section */

/* Begin XCBuildConfiguration section */
		384C944920782E5100D65786 /* Debug */ = {
			isa = XCBuildConfiguration;
			buildSettings = {
				ALWAYS_SEARCH_USER_PATHS = NO;
				CLANG_ANALYZER_NONNULL = YES;
				CLANG_ANALYZER_NUMBER_OBJECT_CONVERSION = YES_AGGRESSIVE;
				CLANG_CXX_LANGUAGE_STANDARD = "gnu++14";
				CLANG_CXX_LIBRARY = "libc++";
				CLANG_ENABLE_MODULES = YES;
				CLANG_ENABLE_OBJC_ARC = YES;
				CLANG_ENABLE_OBJC_WEAK = YES;
				CLANG_WARN_BLOCK_CAPTURE_AUTORELEASING = YES;
				CLANG_WARN_BOOL_CONVERSION = YES;
				CLANG_WARN_COMMA = YES;
				CLANG_WARN_CONSTANT_CONVERSION = YES;
				CLANG_WARN_DEPRECATED_OBJC_IMPLEMENTATIONS = YES;
				CLANG_WARN_DIRECT_OBJC_ISA_USAGE = YES_ERROR;
				CLANG_WARN_DOCUMENTATION_COMMENTS = YES;
				CLANG_WARN_EMPTY_BODY = YES;
				CLANG_WARN_ENUM_CONVERSION = YES;
				CLANG_WARN_INFINITE_RECURSION = YES;
				CLANG_WARN_INT_CONVERSION = YES;
				CLANG_WARN_NON_LITERAL_NULL_CONVERSION = YES;
				CLANG_WARN_OBJC_IMPLICIT_RETAIN_SELF = YES;
				CLANG_WARN_OBJC_LITERAL_CONVERSION = YES;
				CLANG_WARN_OBJC_ROOT_CLASS = YES_ERROR;
				CLANG_WARN_RANGE_LOOP_ANALYSIS = YES;
				CLANG_WARN_STRICT_PROTOTYPES = YES;
				CLANG_WARN_SUSPICIOUS_MOVE = YES;
				CLANG_WARN_UNGUARDED_AVAILABILITY = YES_AGGRESSIVE;
				CLANG_WARN_UNREACHABLE_CODE = YES;
				CLANG_WARN__DUPLICATE_METHOD_MATCH = YES;
				CODE_SIGN_IDENTITY = "iPhone Developer";
				COPY_PHASE_STRIP = NO;
				DEBUG_INFORMATION_FORMAT = dwarf;
				ENABLE_STRICT_OBJC_MSGSEND = YES;
				ENABLE_TESTABILITY = YES;
				GCC_C_LANGUAGE_STANDARD = gnu11;
				GCC_DYNAMIC_NO_PIC = NO;
				GCC_NO_COMMON_BLOCKS = YES;
				GCC_OPTIMIZATION_LEVEL = 0;
				GCC_PREPROCESSOR_DEFINITIONS = (
					"DEBUG=1",
					"$(inherited)",
				);
				GCC_WARN_64_TO_32_BIT_CONVERSION = YES;
				GCC_WARN_ABOUT_RETURN_TYPE = YES_ERROR;
				GCC_WARN_UNDECLARED_SELECTOR = YES;
				GCC_WARN_UNINITIALIZED_AUTOS = YES_AGGRESSIVE;
				GCC_WARN_UNUSED_FUNCTION = YES;
				GCC_WARN_UNUSED_VARIABLE = YES;
				IPHONEOS_DEPLOYMENT_TARGET = 11.3;
				MTL_ENABLE_DEBUG_INFO = YES;
				ONLY_ACTIVE_ARCH = YES;
				SDKROOT = iphoneos;
				SWIFT_ACTIVE_COMPILATION_CONDITIONS = DEBUG;
				SWIFT_OPTIMIZATION_LEVEL = "-Onone";
			};
			name = Debug;
		};
		384C944A20782E5100D65786 /* Release */ = {
			isa = XCBuildConfiguration;
			buildSettings = {
				ALWAYS_SEARCH_USER_PATHS = NO;
				CLANG_ANALYZER_NONNULL = YES;
				CLANG_ANALYZER_NUMBER_OBJECT_CONVERSION = YES_AGGRESSIVE;
				CLANG_CXX_LANGUAGE_STANDARD = "gnu++14";
				CLANG_CXX_LIBRARY = "libc++";
				CLANG_ENABLE_MODULES = YES;
				CLANG_ENABLE_OBJC_ARC = YES;
				CLANG_ENABLE_OBJC_WEAK = YES;
				CLANG_WARN_BLOCK_CAPTURE_AUTORELEASING = YES;
				CLANG_WARN_BOOL_CONVERSION = YES;
				CLANG_WARN_COMMA = YES;
				CLANG_WARN_CONSTANT_CONVERSION = YES;
				CLANG_WARN_DEPRECATED_OBJC_IMPLEMENTATIONS = YES;
				CLANG_WARN_DIRECT_OBJC_ISA_USAGE = YES_ERROR;
				CLANG_WARN_DOCUMENTATION_COMMENTS = YES;
				CLANG_WARN_EMPTY_BODY = YES;
				CLANG_WARN_ENUM_CONVERSION = YES;
				CLANG_WARN_INFINITE_RECURSION = YES;
				CLANG_WARN_INT_CONVERSION = YES;
				CLANG_WARN_NON_LITERAL_NULL_CONVERSION = YES;
				CLANG_WARN_OBJC_IMPLICIT_RETAIN_SELF = YES;
				CLANG_WARN_OBJC_LITERAL_CONVERSION = YES;
				CLANG_WARN_OBJC_ROOT_CLASS = YES_ERROR;
				CLANG_WARN_RANGE_LOOP_ANALYSIS = YES;
				CLANG_WARN_STRICT_PROTOTYPES = YES;
				CLANG_WARN_SUSPICIOUS_MOVE = YES;
				CLANG_WARN_UNGUARDED_AVAILABILITY = YES_AGGRESSIVE;
				CLANG_WARN_UNREACHABLE_CODE = YES;
				CLANG_WARN__DUPLICATE_METHOD_MATCH = YES;
				CODE_SIGN_IDENTITY = "iPhone Developer";
				COPY_PHASE_STRIP = NO;
				DEBUG_INFORMATION_FORMAT = "dwarf-with-dsym";
				ENABLE_NS_ASSERTIONS = NO;
				ENABLE_STRICT_OBJC_MSGSEND = YES;
				GCC_C_LANGUAGE_STANDARD = gnu11;
				GCC_NO_COMMON_BLOCKS = YES;
				GCC_WARN_64_TO_32_BIT_CONVERSION = YES;
				GCC_WARN_ABOUT_RETURN_TYPE = YES_ERROR;
				GCC_WARN_UNDECLARED_SELECTOR = YES;
				GCC_WARN_UNINITIALIZED_AUTOS = YES_AGGRESSIVE;
				GCC_WARN_UNUSED_FUNCTION = YES;
				GCC_WARN_UNUSED_VARIABLE = YES;
				IPHONEOS_DEPLOYMENT_TARGET = 11.3;
				MTL_ENABLE_DEBUG_INFO = NO;
				SDKROOT = iphoneos;
				SWIFT_COMPILATION_MODE = wholemodule;
				SWIFT_OPTIMIZATION_LEVEL = "-O";
				VALIDATE_PRODUCT = YES;
			};
			name = Release;
		};
		384C944C20782E5100D65786 /* Debug */ = {
			isa = XCBuildConfiguration;
			baseConfigurationReference = FA714E4885CD2B039801647E /* Pods-ChatApp.debug.xcconfig */;
			buildSettings = {
				ASSETCATALOG_COMPILER_APPICON_NAME = AppIcon;
				CODE_SIGN_STYLE = Automatic;
				INFOPLIST_FILE = ChatApp/Info.plist;
				LD_RUNPATH_SEARCH_PATHS = (
					"$(inherited)",
					"@executable_path/Frameworks",
				);
				PRODUCT_BUNDLE_IDENTIFIER = com.VyLe.ChatApp;
				PRODUCT_NAME = "$(TARGET_NAME)";
				SWIFT_VERSION = 4.0;
				TARGETED_DEVICE_FAMILY = "1,2";
			};
			name = Debug;
		};
		384C944D20782E5100D65786 /* Release */ = {
			isa = XCBuildConfiguration;
			baseConfigurationReference = 4A2708BA1F4E9F4B23A40867 /* Pods-ChatApp.release.xcconfig */;
			buildSettings = {
				ASSETCATALOG_COMPILER_APPICON_NAME = AppIcon;
				CODE_SIGN_STYLE = Automatic;
				INFOPLIST_FILE = ChatApp/Info.plist;
				LD_RUNPATH_SEARCH_PATHS = (
					"$(inherited)",
					"@executable_path/Frameworks",
				);
				PRODUCT_BUNDLE_IDENTIFIER = com.VyLe.ChatApp;
				PRODUCT_NAME = "$(TARGET_NAME)";
				SWIFT_VERSION = 4.0;
				TARGETED_DEVICE_FAMILY = "1,2";
			};
			name = Release;
		};
/* End XCBuildConfiguration section */

/* Begin XCConfigurationList section */
		384C943420782E4F00D65786 /* Build configuration list for PBXProject "ChatApp" */ = {
			isa = XCConfigurationList;
			buildConfigurations = (
				384C944920782E5100D65786 /* Debug */,
				384C944A20782E5100D65786 /* Release */,
			);
			defaultConfigurationIsVisible = 0;
			defaultConfigurationName = Release;
		};
		384C944B20782E5100D65786 /* Build configuration list for PBXNativeTarget "ChatApp" */ = {
			isa = XCConfigurationList;
			buildConfigurations = (
				384C944C20782E5100D65786 /* Debug */,
				384C944D20782E5100D65786 /* Release */,
			);
			defaultConfigurationIsVisible = 0;
			defaultConfigurationName = Release;
		};
/* End XCConfigurationList section */
	};
	rootObject = 384C943120782E4F00D65786 /* Project object */;
}
